// !$*UTF8*$!
{
	archiveVersion = 1;
	classes = {
	};
	objectVersion = 50;
	objects = {

/* Begin PBXBuildFile section */
		3076908225FC766800BAB70D /* main.swift in Sources */ = {isa = PBXBuildFile; fileRef = 3076908125FC766800BAB70D /* main.swift */; };
		3076908625FC76A400BAB70D /* Graph.swift in Sources */ = {isa = PBXBuildFile; fileRef = 3076908525FC76A400BAB70D /* Graph.swift */; };
		3076908F25FC76D200BAB70D /* ManhattenDistanceTests.swift in Sources */ = {isa = PBXBuildFile; fileRef = 3076908E25FC76D200BAB70D /* ManhattenDistanceTests.swift */; };
		307690B225FC7FBC00BAB70D /* main.swift in Sources */ = {isa = PBXBuildFile; fileRef = 3076908125FC766800BAB70D /* main.swift */; };
		307690B525FC7FC000BAB70D /* Graph.swift in Sources */ = {isa = PBXBuildFile; fileRef = 3076908525FC76A400BAB70D /* Graph.swift */; };
/* End PBXBuildFile section */

/* Begin PBXContainerItemProxy section */
		3076909825FC788F00BAB70D /* PBXContainerItemProxy */ = {
			isa = PBXContainerItemProxy;
			containerPortal = 3076906D25FC764700BAB70D /* Project object */;
			proxyType = 1;
			remoteGlobalIDString = 3076907425FC764700BAB70D;
			remoteInfo = ManhattenDistance;
		};
/* End PBXContainerItemProxy section */

/* Begin PBXCopyFilesBuildPhase section */
		3076907325FC764700BAB70D /* CopyFiles */ = {
			isa = PBXCopyFilesBuildPhase;
			buildActionMask = 2147483647;
			dstPath = /usr/share/man/man1/;
			dstSubfolderSpec = 0;
			files = (
			);
			runOnlyForDeploymentPostprocessing = 1;
		};
/* End PBXCopyFilesBuildPhase section */

/* Begin PBXFileReference section */
		3076907525FC764700BAB70D /* ManhattenDistance */ = {isa = PBXFileReference; explicitFileType = "compiled.mach-o.executable"; includeInIndex = 0; path = ManhattenDistance; sourceTree = BUILT_PRODUCTS_DIR; };
		3076908125FC766800BAB70D /* main.swift */ = {isa = PBXFileReference; lastKnownFileType = sourcecode.swift; path = main.swift; sourceTree = "<group>"; };
		3076908525FC76A400BAB70D /* Graph.swift */ = {isa = PBXFileReference; lastKnownFileType = sourcecode.swift; path = Graph.swift; sourceTree = "<group>"; };
		3076908C25FC76D200BAB70D /* ManhattenDistanceTests.xctest */ = {isa = PBXFileReference; explicitFileType = wrapper.cfbundle; includeInIndex = 0; path = ManhattenDistanceTests.xctest; sourceTree = BUILT_PRODUCTS_DIR; };
		3076908E25FC76D200BAB70D /* ManhattenDistanceTests.swift */ = {isa = PBXFileReference; lastKnownFileType = sourcecode.swift; path = ManhattenDistanceTests.swift; sourceTree = "<group>"; };
		3076909025FC76D200BAB70D /* Info.plist */ = {isa = PBXFileReference; lastKnownFileType = text.plist.xml; path = Info.plist; sourceTree = "<group>"; };
/* End PBXFileReference section */

/* Begin PBXFrameworksBuildPhase section */
		3076907225FC764700BAB70D /* Frameworks */ = {
			isa = PBXFrameworksBuildPhase;
			buildActionMask = 2147483647;
			files = (
			);
			runOnlyForDeploymentPostprocessing = 0;
		};
		3076908925FC76D200BAB70D /* Frameworks */ = {
			isa = PBXFrameworksBuildPhase;
			buildActionMask = 2147483647;
			files = (
			);
			runOnlyForDeploymentPostprocessing = 0;
		};
/* End PBXFrameworksBuildPhase section */

/* Begin PBXGroup section */
		3076906C25FC764700BAB70D = {
			isa = PBXGroup;
			children = (
				3076907725FC764700BAB70D /* ManhattenDistance */,
				3076908D25FC76D200BAB70D /* ManhattenDistanceTests */,
				3076907625FC764700BAB70D /* Products */,
			);
			sourceTree = "<group>";
		};
		3076907625FC764700BAB70D /* Products */ = {
			isa = PBXGroup;
			children = (
				3076907525FC764700BAB70D /* ManhattenDistance */,
				3076908C25FC76D200BAB70D /* ManhattenDistanceTests.xctest */,
			);
			name = Products;
			sourceTree = "<group>";
		};
		3076907725FC764700BAB70D /* ManhattenDistance */ = {
			isa = PBXGroup;
			children = (
				3076908125FC766800BAB70D /* main.swift */,
				3076908525FC76A400BAB70D /* Graph.swift */,
			);
			path = ManhattenDistance;
			sourceTree = "<group>";
		};
		3076908D25FC76D200BAB70D /* ManhattenDistanceTests */ = {
			isa = PBXGroup;
			children = (
				3076908E25FC76D200BAB70D /* ManhattenDistanceTests.swift */,
				3076909025FC76D200BAB70D /* Info.plist */,
			);
			path = ManhattenDistanceTests;
			sourceTree = "<group>";
		};
/* End PBXGroup section */

/* Begin PBXNativeTarget section */
		3076907425FC764700BAB70D /* ManhattenDistance */ = {
			isa = PBXNativeTarget;
			buildConfigurationList = 3076907C25FC764700BAB70D /* Build configuration list for PBXNativeTarget "ManhattenDistance" */;
			buildPhases = (
				3076907125FC764700BAB70D /* Sources */,
				3076907225FC764700BAB70D /* Frameworks */,
				3076907325FC764700BAB70D /* CopyFiles */,
			);
			buildRules = (
			);
			dependencies = (
			);
			name = ManhattenDistance;
			productName = ManhattenDistance;
			productReference = 3076907525FC764700BAB70D /* ManhattenDistance */;
			productType = "com.apple.product-type.tool";
		};
		3076908B25FC76D200BAB70D /* ManhattenDistanceTests */ = {
			isa = PBXNativeTarget;
			buildConfigurationList = 3076909125FC76D200BAB70D /* Build configuration list for PBXNativeTarget "ManhattenDistanceTests" */;
			buildPhases = (
				3076908825FC76D200BAB70D /* Sources */,
				3076908925FC76D200BAB70D /* Frameworks */,
				3076908A25FC76D200BAB70D /* Resources */,
			);
			buildRules = (
			);
			dependencies = (
				3076909925FC788F00BAB70D /* PBXTargetDependency */,
			);
			name = ManhattenDistanceTests;
			productName = ManhattenDistanceTests;
			productReference = 3076908C25FC76D200BAB70D /* ManhattenDistanceTests.xctest */;
			productType = "com.apple.product-type.bundle.unit-test";
		};
/* End PBXNativeTarget section */

/* Begin PBXProject section */
		3076906D25FC764700BAB70D /* Project object */ = {
			isa = PBXProject;
			attributes = {
				LastSwiftUpdateCheck = 1240;
				LastUpgradeCheck = 1240;
				TargetAttributes = {
					3076907425FC764700BAB70D = {
						CreatedOnToolsVersion = 12.4;
						LastSwiftMigration = 1240;
					};
					3076908B25FC76D200BAB70D = {
						CreatedOnToolsVersion = 12.4;
					};
				};
			};
			buildConfigurationList = 3076907025FC764700BAB70D /* Build configuration list for PBXProject "ManhattenDistance" */;
			compatibilityVersion = "Xcode 9.3";
			developmentRegion = en;
			hasScannedForEncodings = 0;
			knownRegions = (
				en,
				Base,
			);
			mainGroup = 3076906C25FC764700BAB70D;
			productRefGroup = 3076907625FC764700BAB70D /* Products */;
			projectDirPath = "";
			projectRoot = "";
			targets = (
				3076907425FC764700BAB70D /* ManhattenDistance */,
				3076908B25FC76D200BAB70D /* ManhattenDistanceTests */,
			);
		};
/* End PBXProject section */

/* Begin PBXResourcesBuildPhase section */
		3076908A25FC76D200BAB70D /* Resources */ = {
			isa = PBXResourcesBuildPhase;
			buildActionMask = 2147483647;
			files = (
			);
			runOnlyForDeploymentPostprocessing = 0;
		};
/* End PBXResourcesBuildPhase section */

/* Begin PBXSourcesBuildPhase section */
		3076907125FC764700BAB70D /* Sources */ = {
			isa = PBXSourcesBuildPhase;
			buildActionMask = 2147483647;
			files = (
				3076908625FC76A400BAB70D /* Graph.swift in Sources */,
				3076908225FC766800BAB70D /* main.swift in Sources */,
			);
			runOnlyForDeploymentPostprocessing = 0;
		};
		3076908825FC76D200BAB70D /* Sources */ = {
			isa = PBXSourcesBuildPhase;
			buildActionMask = 2147483647;
			files = (
				307690B525FC7FC000BAB70D /* Graph.swift in Sources */,
				307690B225FC7FBC00BAB70D /* main.swift in Sources */,
				3076908F25FC76D200BAB70D /* ManhattenDistanceTests.swift in Sources */,
			);
			runOnlyForDeploymentPostprocessing = 0;
		};
/* End PBXSourcesBuildPhase section */

/* Begin PBXTargetDependency section */
		3076909925FC788F00BAB70D /* PBXTargetDependency */ = {
			isa = PBXTargetDependency;
			target = 3076907425FC764700BAB70D /* ManhattenDistance */;
			targetProxy = 3076909825FC788F00BAB70D /* PBXContainerItemProxy */;
		};
/* End PBXTargetDependency section */

/* Begin XCBuildConfiguration section */
		3076907A25FC764700BAB70D /* Debug */ = {
			isa = XCBuildConfiguration;
			buildSettings = {
				ALWAYS_SEARCH_USER_PATHS = NO;
				CLANG_ANALYZER_NONNULL = YES;
				CLANG_ANALYZER_NUMBER_OBJECT_CONVERSION = YES_AGGRESSIVE;
				CLANG_CXX_LANGUAGE_STANDARD = "gnu++14";
				CLANG_CXX_LIBRARY = "libc++";
				CLANG_ENABLE_MODULES = YES;
				CLANG_ENABLE_OBJC_ARC = YES;
				CLANG_ENABLE_OBJC_WEAK = YES;
				CLANG_WARN_BLOCK_CAPTURE_AUTORELEASING = YES;
				CLANG_WARN_BOOL_CONVERSION = YES;
				CLANG_WARN_COMMA = YES;
				CLANG_WARN_CONSTANT_CONVERSION = YES;
				CLANG_WARN_DEPRECATED_OBJC_IMPLEMENTATIONS = YES;
				CLANG_WARN_DIRECT_OBJC_ISA_USAGE = YES_ERROR;
				CLANG_WARN_DOCUMENTATION_COMMENTS = YES;
				CLANG_WARN_EMPTY_BODY = YES;
				CLANG_WARN_ENUM_CONVERSION = YES;
				CLANG_WARN_INFINITE_RECURSION = YES;
				CLANG_WARN_INT_CONVERSION = YES;
				CLANG_WARN_NON_LITERAL_NULL_CONVERSION = YES;
				CLANG_WARN_OBJC_IMPLICIT_RETAIN_SELF = YES;
				CLANG_WARN_OBJC_LITERAL_CONVERSION = YES;
				CLANG_WARN_OBJC_ROOT_CLASS = YES_ERROR;
				CLANG_WARN_QUOTED_INCLUDE_IN_FRAMEWORK_HEADER = YES;
				CLANG_WARN_RANGE_LOOP_ANALYSIS = YES;
				CLANG_WARN_STRICT_PROTOTYPES = YES;
				CLANG_WARN_SUSPICIOUS_MOVE = YES;
				CLANG_WARN_UNGUARDED_AVAILABILITY = YES_AGGRESSIVE;
				CLANG_WARN_UNREACHABLE_CODE = YES;
				CLANG_WARN__DUPLICATE_METHOD_MATCH = YES;
				COPY_PHASE_STRIP = NO;
				DEBUG_INFORMATION_FORMAT = dwarf;
				ENABLE_STRICT_OBJC_MSGSEND = YES;
				ENABLE_TESTABILITY = YES;
				GCC_C_LANGUAGE_STANDARD = gnu11;
				GCC_DYNAMIC_NO_PIC = NO;
				GCC_NO_COMMON_BLOCKS = YES;
				GCC_OPTIMIZATION_LEVEL = 0;
				GCC_PREPROCESSOR_DEFINITIONS = (
					"DEBUG=1",
					"$(inherited)",
				);
				GCC_WARN_64_TO_32_BIT_CONVERSION = YES;
				GCC_WARN_ABOUT_RETURN_TYPE = YES_ERROR;
				GCC_WARN_UNDECLARED_SELECTOR = YES;
				GCC_WARN_UNINITIALIZED_AUTOS = YES_AGGRESSIVE;
				GCC_WARN_UNUSED_FUNCTION = YES;
				GCC_WARN_UNUSED_VARIABLE = YES;
				MACOSX_DEPLOYMENT_TARGET = 10.15;
				MTL_ENABLE_DEBUG_INFO = INCLUDE_SOURCE;
				MTL_FAST_MATH = YES;
				ONLY_ACTIVE_ARCH = YES;
				SDKROOT = macosx;
				SWIFT_ACTIVE_COMPILATION_CONDITIONS = DEBUG;
				SWIFT_OPTIMIZATION_LEVEL = "-Onone";
			};
			name = Debug;
		};
		3076907B25FC764700BAB70D /* Release */ = {
			isa = XCBuildConfiguration;
			buildSettings = {
				ALWAYS_SEARCH_USER_PATHS = NO;
				CLANG_ANALYZER_NONNULL = YES;
				CLANG_ANALYZER_NUMBER_OBJECT_CONVERSION = YES_AGGRESSIVE;
				CLANG_CXX_LANGUAGE_STANDARD = "gnu++14";
				CLANG_CXX_LIBRARY = "libc++";
				CLANG_ENABLE_MODULES = YES;
				CLANG_ENABLE_OBJC_ARC = YES;
				CLANG_ENABLE_OBJC_WEAK = YES;
				CLANG_WARN_BLOCK_CAPTURE_AUTORELEASING = YES;
				CLANG_WARN_BOOL_CONVERSION = YES;
				CLANG_WARN_COMMA = YES;
				CLANG_WARN_CONSTANT_CONVERSION = YES;
				CLANG_WARN_DEPRECATED_OBJC_IMPLEMENTATIONS = YES;
				CLANG_WARN_DIRECT_OBJC_ISA_USAGE = YES_ERROR;
				CLANG_WARN_DOCUMENTATION_COMMENTS = YES;
				CLANG_WARN_EMPTY_BODY = YES;
				CLANG_WARN_ENUM_CONVERSION = YES;
				CLANG_WARN_INFINITE_RECURSION = YES;
				CLANG_WARN_INT_CONVERSION = YES;
				CLANG_WARN_NON_LITERAL_NULL_CONVERSION = YES;
				CLANG_WARN_OBJC_IMPLICIT_RETAIN_SELF = YES;
				CLANG_WARN_OBJC_LITERAL_CONVERSION = YES;
				CLANG_WARN_OBJC_ROOT_CLASS = YES_ERROR;
				CLANG_WARN_QUOTED_INCLUDE_IN_FRAMEWORK_HEADER = YES;
				CLANG_WARN_RANGE_LOOP_ANALYSIS = YES;
				CLANG_WARN_STRICT_PROTOTYPES = YES;
				CLANG_WARN_SUSPICIOUS_MOVE = YES;
				CLANG_WARN_UNGUARDED_AVAILABILITY = YES_AGGRESSIVE;
				CLANG_WARN_UNREACHABLE_CODE = YES;
				CLANG_WARN__DUPLICATE_METHOD_MATCH = YES;
				COPY_PHASE_STRIP = NO;
				DEBUG_INFORMATION_FORMAT = "dwarf-with-dsym";
				ENABLE_NS_ASSERTIONS = NO;
				ENABLE_STRICT_OBJC_MSGSEND = YES;
				GCC_C_LANGUAGE_STANDARD = gnu11;
				GCC_NO_COMMON_BLOCKS = YES;
				GCC_WARN_64_TO_32_BIT_CONVERSION = YES;
				GCC_WARN_ABOUT_RETURN_TYPE = YES_ERROR;
				GCC_WARN_UNDECLARED_SELECTOR = YES;
				GCC_WARN_UNINITIALIZED_AUTOS = YES_AGGRESSIVE;
				GCC_WARN_UNUSED_FUNCTION = YES;
				GCC_WARN_UNUSED_VARIABLE = YES;
				MACOSX_DEPLOYMENT_TARGET = 10.15;
				MTL_ENABLE_DEBUG_INFO = NO;
				MTL_FAST_MATH = YES;
				SDKROOT = macosx;
				SWIFT_COMPILATION_MODE = wholemodule;
				SWIFT_OPTIMIZATION_LEVEL = "-O";
			};
			name = Release;
		};
		3076907D25FC764700BAB70D /* Debug */ = {
			isa = XCBuildConfiguration;
			buildSettings = {
				CLANG_ENABLE_MODULES = YES;
				CODE_SIGN_STYLE = Automatic;
				DEVELOPMENT_TEAM = J59BKJGZ6C;
				ENABLE_HARDENED_RUNTIME = YES;
				LD_RUNPATH_SEARCH_PATHS = (
					"$(inherited)",
					"@executable_path/../Frameworks",
					"@loader_path/../Frameworks",
				);
				PRODUCT_NAME = "$(TARGET_NAME)";
				SWIFT_OPTIMIZATION_LEVEL = "-Onone";
				SWIFT_VERSION = 5.0;
			};
			name = Debug;
		};
		3076907E25FC764700BAB70D /* Release */ = {
			isa = XCBuildConfiguration;
			buildSettings = {
				CLANG_ENABLE_MODULES = YES;
				CODE_SIGN_STYLE = Automatic;
				DEVELOPMENT_TEAM = J59BKJGZ6C;
				ENABLE_HARDENED_RUNTIME = YES;
				LD_RUNPATH_SEARCH_PATHS = (
					"$(inherited)",
					"@executable_path/../Frameworks",
					"@loader_path/../Frameworks",
				);
				PRODUCT_NAME = "$(TARGET_NAME)";
				SWIFT_VERSION = 5.0;
			};
			name = Release;
		};
		3076909225FC76D200BAB70D /* Debug */ = {
			isa = XCBuildConfiguration;
			buildSettings = {
				CODE_SIGN_STYLE = Automatic;
				COMBINE_HIDPI_IMAGES = YES;
				DEVELOPMENT_TEAM = J59BKJGZ6C;
				INFOPLIST_FILE = ManhattenDistanceTests/Info.plist;
				LD_RUNPATH_SEARCH_PATHS = (
					"$(inherited)",
					"@executable_path/../Frameworks",
					"@loader_path/../Frameworks",
				);
				PRODUCT_BUNDLE_IDENTIFIER = com.TuzCorp.ManhattenDistanceTests;
				PRODUCT_NAME = "$(TARGET_NAME)";
				SWIFT_VERSION = 5.0;
			};
			name = Debug;
		};
		3076909325FC76D200BAB70D /* Release */ = {
			isa = XCBuildConfiguration;
			buildSettings = {
				CODE_SIGN_STYLE = Automatic;
				COMBINE_HIDPI_IMAGES = YES;
				DEVELOPMENT_TEAM = J59BKJGZ6C;
				INFOPLIST_FILE = ManhattenDistanceTests/Info.plist;
				LD_RUNPATH_SEARCH_PATHS = (
					"$(inherited)",
					"@executable_path/../Frameworks",
					"@loader_path/../Frameworks",
				);
				PRODUCT_BUNDLE_IDENTIFIER = com.TuzCorp.ManhattenDistanceTests;
				PRODUCT_NAME = "$(TARGET_NAME)";
				SWIFT_VERSION = 5.0;
			};
			name = Release;
		};
/* End XCBuildConfiguration section */

/* Begin XCConfigurationList section */
		3076907025FC764700BAB70D /* Build configuration list for PBXProject "ManhattenDistance" */ = {
			isa = XCConfigurationList;
			buildConfigurations = (
				3076907A25FC764700BAB70D /* Debug */,
				3076907B25FC764700BAB70D /* Release */,
			);
			defaultConfigurationIsVisible = 0;
			defaultConfigurationName = Release;
		};
		3076907C25FC764700BAB70D /* Build configuration list for PBXNativeTarget "ManhattenDistance" */ = {
			isa = XCConfigurationList;
			buildConfigurations = (
				3076907D25FC764700BAB70D /* Debug */,
				3076907E25FC764700BAB70D /* Release */,
			);
			defaultConfigurationIsVisible = 0;
			defaultConfigurationName = Release;
		};
		3076909125FC76D200BAB70D /* Build configuration list for PBXNativeTarget "ManhattenDistanceTests" */ = {
			isa = XCConfigurationList;
			buildConfigurations = (
				3076909225FC76D200BAB70D /* Debug */,
				3076909325FC76D200BAB70D /* Release */,
			);
			defaultConfigurationIsVisible = 0;
			defaultConfigurationName = Release;
		};
/* End XCConfigurationList section */
	};
	rootObject = 3076906D25FC764700BAB70D /* Project object */;
}
